// !$*UTF8*$!
{
	archiveVersion = 1;
	classes = {
	};
	objectVersion = 56;
	objects = {

/* Begin PBXBuildFile section */
		480CC85F2CCFA3850000916C /* HomeViewController.swift in Sources */ = {isa = PBXBuildFile; fileRef = 480CC85E2CCFA3850000916C /* HomeViewController.swift */; };
		480CC8612CCFA6350000916C /* WorkoutViewController.swift in Sources */ = {isa = PBXBuildFile; fileRef = 480CC8602CCFA6350000916C /* WorkoutViewController.swift */; };
		483300302CCF9E5F009CE83F /* AppDelegate.swift in Sources */ = {isa = PBXBuildFile; fileRef = 4833002F2CCF9E5F009CE83F /* AppDelegate.swift */; };
		483300322CCF9E5F009CE83F /* SceneDelegate.swift in Sources */ = {isa = PBXBuildFile; fileRef = 483300312CCF9E5F009CE83F /* SceneDelegate.swift */; };
		483300342CCF9E5F009CE83F /* ViewController.swift in Sources */ = {isa = PBXBuildFile; fileRef = 483300332CCF9E5F009CE83F /* ViewController.swift */; };
		483300392CCF9E61009CE83F /* Assets.xcassets in Resources */ = {isa = PBXBuildFile; fileRef = 483300382CCF9E61009CE83F /* Assets.xcassets */; };
		4833003C2CCF9E61009CE83F /* Base in Resources */ = {isa = PBXBuildFile; fileRef = 4833003B2CCF9E61009CE83F /* Base */; };
		483300462CCFA00F009CE83F /* LoginViewController.swift in Sources */ = {isa = PBXBuildFile; fileRef = 483300452CCFA00F009CE83F /* LoginViewController.swift */; };
		48A89EAC2CD1D2820041BEC8 /* RegisterViewController.swift in Sources */ = {isa = PBXBuildFile; fileRef = 48A89EAB2CD1D2820041BEC8 /* RegisterViewController.swift */; };
		48A89EAE2CD1D6150041BEC8 /* User.swift in Sources */ = {isa = PBXBuildFile; fileRef = 48A89EAD2CD1D6150041BEC8 /* User.swift */; };
		48A89EB02CD1D65E0041BEC8 /* UserDatabase.swift in Sources */ = {isa = PBXBuildFile; fileRef = 48A89EAF2CD1D65E0041BEC8 /* UserDatabase.swift */; };
		48A89EB22CD5515E0041BEC8 /* WorkoutDetailViewController.swift in Sources */ = {isa = PBXBuildFile; fileRef = 48A89EB12CD5515E0041BEC8 /* WorkoutDetailViewController.swift */; };
		48A89EB42CD8F1D10041BEC8 /* ProgressHistoryViewController.swift in Sources */ = {isa = PBXBuildFile; fileRef = 48A89EB32CD8F1D10041BEC8 /* ProgressHistoryViewController.swift */; };
/* End PBXBuildFile section */

/* Begin PBXFileReference section */
		480CC85E2CCFA3850000916C /* HomeViewController.swift */ = {isa = PBXFileReference; lastKnownFileType = sourcecode.swift; path = HomeViewController.swift; sourceTree = "<group>"; };
		480CC8602CCFA6350000916C /* WorkoutViewController.swift */ = {isa = PBXFileReference; lastKnownFileType = sourcecode.swift; path = WorkoutViewController.swift; sourceTree = "<group>"; };
		4833002C2CCF9E5F009CE83F /* GymApp.app */ = {isa = PBXFileReference; explicitFileType = wrapper.application; includeInIndex = 0; path = GymApp.app; sourceTree = BUILT_PRODUCTS_DIR; };
		4833002F2CCF9E5F009CE83F /* AppDelegate.swift */ = {isa = PBXFileReference; lastKnownFileType = sourcecode.swift; path = AppDelegate.swift; sourceTree = "<group>"; };
		483300312CCF9E5F009CE83F /* SceneDelegate.swift */ = {isa = PBXFileReference; lastKnownFileType = sourcecode.swift; path = SceneDelegate.swift; sourceTree = "<group>"; };
		483300332CCF9E5F009CE83F /* ViewController.swift */ = {isa = PBXFileReference; lastKnownFileType = sourcecode.swift; path = ViewController.swift; sourceTree = "<group>"; };
		483300382CCF9E61009CE83F /* Assets.xcassets */ = {isa = PBXFileReference; lastKnownFileType = folder.assetcatalog; path = Assets.xcassets; sourceTree = "<group>"; };
		4833003B2CCF9E61009CE83F /* Base */ = {isa = PBXFileReference; lastKnownFileType = file.storyboard; name = Base; path = Base.lproj/LaunchScreen.storyboard; sourceTree = "<group>"; };
		4833003D2CCF9E61009CE83F /* Info.plist */ = {isa = PBXFileReference; lastKnownFileType = text.plist.xml; path = Info.plist; sourceTree = "<group>"; };
		483300452CCFA00F009CE83F /* LoginViewController.swift */ = {isa = PBXFileReference; lastKnownFileType = sourcecode.swift; path = LoginViewController.swift; sourceTree = "<group>"; };
		48A89EAB2CD1D2820041BEC8 /* RegisterViewController.swift */ = {isa = PBXFileReference; lastKnownFileType = sourcecode.swift; path = RegisterViewController.swift; sourceTree = "<group>"; };
		48A89EAD2CD1D6150041BEC8 /* User.swift */ = {isa = PBXFileReference; lastKnownFileType = sourcecode.swift; path = User.swift; sourceTree = "<group>"; };
		48A89EAF2CD1D65E0041BEC8 /* UserDatabase.swift */ = {isa = PBXFileReference; lastKnownFileType = sourcecode.swift; path = UserDatabase.swift; sourceTree = "<group>"; };
		48A89EB12CD5515E0041BEC8 /* WorkoutDetailViewController.swift */ = {isa = PBXFileReference; lastKnownFileType = sourcecode.swift; path = WorkoutDetailViewController.swift; sourceTree = "<group>"; };
		48A89EB32CD8F1D10041BEC8 /* ProgressHistoryViewController.swift */ = {isa = PBXFileReference; lastKnownFileType = sourcecode.swift; path = ProgressHistoryViewController.swift; sourceTree = "<group>"; };
/* End PBXFileReference section */

/* Begin PBXFrameworksBuildPhase section */
		483300292CCF9E5F009CE83F /* Frameworks */ = {
			isa = PBXFrameworksBuildPhase;
			buildActionMask = 2147483647;
			files = (
			);
			runOnlyForDeploymentPostprocessing = 0;
		};
/* End PBXFrameworksBuildPhase section */

/* Begin PBXGroup section */
		483300232CCF9E5F009CE83F = {
			isa = PBXGroup;
			children = (
				4833002E2CCF9E5F009CE83F /* GymApp */,
				4833002D2CCF9E5F009CE83F /* Products */,
			);
			sourceTree = "<group>";
		};
		4833002D2CCF9E5F009CE83F /* Products */ = {
			isa = PBXGroup;
			children = (
				4833002C2CCF9E5F009CE83F /* GymApp.app */,
			);
			name = Products;
			sourceTree = "<group>";
		};
		4833002E2CCF9E5F009CE83F /* GymApp */ = {
			isa = PBXGroup;
			children = (
				4833002F2CCF9E5F009CE83F /* AppDelegate.swift */,
				483300312CCF9E5F009CE83F /* SceneDelegate.swift */,
				483300332CCF9E5F009CE83F /* ViewController.swift */,
				483300382CCF9E61009CE83F /* Assets.xcassets */,
				4833003A2CCF9E61009CE83F /* LaunchScreen.storyboard */,
				4833003D2CCF9E61009CE83F /* Info.plist */,
				483300452CCFA00F009CE83F /* LoginViewController.swift */,
				48A89EAB2CD1D2820041BEC8 /* RegisterViewController.swift */,
				480CC85E2CCFA3850000916C /* HomeViewController.swift */,
				480CC8602CCFA6350000916C /* WorkoutViewController.swift */,
				48A89EB12CD5515E0041BEC8 /* WorkoutDetailViewController.swift */,
				48A89EB32CD8F1D10041BEC8 /* ProgressHistoryViewController.swift */,
				48A89EAD2CD1D6150041BEC8 /* User.swift */,
				48A89EAF2CD1D65E0041BEC8 /* UserDatabase.swift */,
			);
			path = GymApp;
			sourceTree = "<group>";
		};
/* End PBXGroup section */

/* Begin PBXNativeTarget section */
		4833002B2CCF9E5F009CE83F /* GymApp */ = {
			isa = PBXNativeTarget;
			buildConfigurationList = 483300402CCF9E61009CE83F /* Build configuration list for PBXNativeTarget "GymApp" */;
			buildPhases = (
				483300282CCF9E5F009CE83F /* Sources */,
				483300292CCF9E5F009CE83F /* Frameworks */,
				4833002A2CCF9E5F009CE83F /* Resources */,
			);
			buildRules = (
			);
			dependencies = (
			);
			name = GymApp;
			productName = GymApp;
			productReference = 4833002C2CCF9E5F009CE83F /* GymApp.app */;
			productType = "com.apple.product-type.application";
		};
/* End PBXNativeTarget section */

/* Begin PBXProject section */
		483300242CCF9E5F009CE83F /* Project object */ = {
			isa = PBXProject;
			attributes = {
				BuildIndependentTargetsInParallel = 1;
				LastSwiftUpdateCheck = 1540;
				LastUpgradeCheck = 1540;
				TargetAttributes = {
					4833002B2CCF9E5F009CE83F = {
						CreatedOnToolsVersion = 15.4;
					};
				};
			};
			buildConfigurationList = 483300272CCF9E5F009CE83F /* Build configuration list for PBXProject "GymApp" */;
			compatibilityVersion = "Xcode 14.0";
			developmentRegion = en;
			hasScannedForEncodings = 0;
			knownRegions = (
				en,
				Base,
			);
			mainGroup = 483300232CCF9E5F009CE83F;
			productRefGroup = 4833002D2CCF9E5F009CE83F /* Products */;
			projectDirPath = "";
			projectRoot = "";
			targets = (
				4833002B2CCF9E5F009CE83F /* GymApp */,
			);
		};
/* End PBXProject section */

/* Begin PBXResourcesBuildPhase section */
		4833002A2CCF9E5F009CE83F /* Resources */ = {
			isa = PBXResourcesBuildPhase;
			buildActionMask = 2147483647;
			files = (
				483300392CCF9E61009CE83F /* Assets.xcassets in Resources */,
				4833003C2CCF9E61009CE83F /* Base in Resources */,
			);
			runOnlyForDeploymentPostprocessing = 0;
		};
/* End PBXResourcesBuildPhase section */

/* Begin PBXSourcesBuildPhase section */
		483300282CCF9E5F009CE83F /* Sources */ = {
			isa = PBXSourcesBuildPhase;
			buildActionMask = 2147483647;
			files = (
				480CC8612CCFA6350000916C /* WorkoutViewController.swift in Sources */,
				480CC85F2CCFA3850000916C /* HomeViewController.swift in Sources */,
				48A89EB02CD1D65E0041BEC8 /* UserDatabase.swift in Sources */,
				48A89EAC2CD1D2820041BEC8 /* RegisterViewController.swift in Sources */,
				483300462CCFA00F009CE83F /* LoginViewController.swift in Sources */,
				48A89EB22CD5515E0041BEC8 /* WorkoutDetailViewController.swift in Sources */,
				48A89EB42CD8F1D10041BEC8 /* ProgressHistoryViewController.swift in Sources */,
				48A89EAE2CD1D6150041BEC8 /* User.swift in Sources */,
				483300342CCF9E5F009CE83F /* ViewController.swift in Sources */,
				483300302CCF9E5F009CE83F /* AppDelegate.swift in Sources */,
				483300322CCF9E5F009CE83F /* SceneDelegate.swift in Sources */,
			);
			runOnlyForDeploymentPostprocessing = 0;
		};
/* End PBXSourcesBuildPhase section */

/* Begin PBXVariantGroup section */
		4833003A2CCF9E61009CE83F /* LaunchScreen.storyboard */ = {
			isa = PBXVariantGroup;
			children = (
				4833003B2CCF9E61009CE83F /* Base */,
			);
			name = LaunchScreen.storyboard;
			sourceTree = "<group>";
		};
/* End PBXVariantGroup section */

/* Begin XCBuildConfiguration section */
		4833003E2CCF9E61009CE83F /* Debug */ = {
			isa = XCBuildConfiguration;
			buildSettings = {
				ALWAYS_SEARCH_USER_PATHS = NO;
				ASSETCATALOG_COMPILER_GENERATE_SWIFT_ASSET_SYMBOL_EXTENSIONS = YES;
				CLANG_ANALYZER_NONNULL = YES;
				CLANG_ANALYZER_NUMBER_OBJECT_CONVERSION = YES_AGGRESSIVE;
				CLANG_CXX_LANGUAGE_STANDARD = "gnu++20";
				CLANG_ENABLE_MODULES = YES;
				CLANG_ENABLE_OBJC_ARC = YES;
				CLANG_ENABLE_OBJC_WEAK = YES;
				CLANG_WARN_BLOCK_CAPTURE_AUTORELEASING = YES;
				CLANG_WARN_BOOL_CONVERSION = YES;
				CLANG_WARN_COMMA = YES;
				CLANG_WARN_CONSTANT_CONVERSION = YES;
				CLANG_WARN_DEPRECATED_OBJC_IMPLEMENTATIONS = YES;
				CLANG_WARN_DIRECT_OBJC_ISA_USAGE = YES_ERROR;
				CLANG_WARN_DOCUMENTATION_COMMENTS = YES;
				CLANG_WARN_EMPTY_BODY = YES;
				CLANG_WARN_ENUM_CONVERSION = YES;
				CLANG_WARN_INFINITE_RECURSION = YES;
				CLANG_WARN_INT_CONVERSION = YES;
				CLANG_WARN_NON_LITERAL_NULL_CONVERSION = YES;
				CLANG_WARN_OBJC_IMPLICIT_RETAIN_SELF = YES;
				CLANG_WARN_OBJC_LITERAL_CONVERSION = YES;
				CLANG_WARN_OBJC_ROOT_CLASS = YES_ERROR;
				CLANG_WARN_QUOTED_INCLUDE_IN_FRAMEWORK_HEADER = YES;
				CLANG_WARN_RANGE_LOOP_ANALYSIS = YES;
				CLANG_WARN_STRICT_PROTOTYPES = YES;
				CLANG_WARN_SUSPICIOUS_MOVE = YES;
				CLANG_WARN_UNGUARDED_AVAILABILITY = YES_AGGRESSIVE;
				CLANG_WARN_UNREACHABLE_CODE = YES;
				CLANG_WARN__DUPLICATE_METHOD_MATCH = YES;
				COPY_PHASE_STRIP = NO;
				DEBUG_INFORMATION_FORMAT = dwarf;
				ENABLE_STRICT_OBJC_MSGSEND = YES;
				ENABLE_TESTABILITY = YES;
				ENABLE_USER_SCRIPT_SANDBOXING = YES;
				GCC_C_LANGUAGE_STANDARD = gnu17;
				GCC_DYNAMIC_NO_PIC = NO;
				GCC_NO_COMMON_BLOCKS = YES;
				GCC_OPTIMIZATION_LEVEL = 0;
				GCC_PREPROCESSOR_DEFINITIONS = (
					"DEBUG=1",
					"$(inherited)",
				);
				GCC_WARN_64_TO_32_BIT_CONVERSION = YES;
				GCC_WARN_ABOUT_RETURN_TYPE = YES_ERROR;
				GCC_WARN_UNDECLARED_SELECTOR = YES;
				GCC_WARN_UNINITIALIZED_AUTOS = YES_AGGRESSIVE;
				GCC_WARN_UNUSED_FUNCTION = YES;
				GCC_WARN_UNUSED_VARIABLE = YES;
				IPHONEOS_DEPLOYMENT_TARGET = 17.5;
				LOCALIZATION_PREFERS_STRING_CATALOGS = YES;
				MTL_ENABLE_DEBUG_INFO = INCLUDE_SOURCE;
				MTL_FAST_MATH = YES;
				ONLY_ACTIVE_ARCH = YES;
				SDKROOT = iphoneos;
				SWIFT_ACTIVE_COMPILATION_CONDITIONS = "DEBUG $(inherited)";
				SWIFT_OPTIMIZATION_LEVEL = "-Onone";
			};
			name = Debug;
		};
		4833003F2CCF9E61009CE83F /* Release */ = {
			isa = XCBuildConfiguration;
			buildSettings = {
				ALWAYS_SEARCH_USER_PATHS = NO;
				ASSETCATALOG_COMPILER_GENERATE_SWIFT_ASSET_SYMBOL_EXTENSIONS = YES;
				CLANG_ANALYZER_NONNULL = YES;
				CLANG_ANALYZER_NUMBER_OBJECT_CONVERSION = YES_AGGRESSIVE;
				CLANG_CXX_LANGUAGE_STANDARD = "gnu++20";
				CLANG_ENABLE_MODULES = YES;
				CLANG_ENABLE_OBJC_ARC = YES;
				CLANG_ENABLE_OBJC_WEAK = YES;
				CLANG_WARN_BLOCK_CAPTURE_AUTORELEASING = YES;
				CLANG_WARN_BOOL_CONVERSION = YES;
				CLANG_WARN_COMMA = YES;
				CLANG_WARN_CONSTANT_CONVERSION = YES;
				CLANG_WARN_DEPRECATED_OBJC_IMPLEMENTATIONS = YES;
				CLANG_WARN_DIRECT_OBJC_ISA_USAGE = YES_ERROR;
				CLANG_WARN_DOCUMENTATION_COMMENTS = YES;
				CLANG_WARN_EMPTY_BODY = YES;
				CLANG_WARN_ENUM_CONVERSION = YES;
				CLANG_WARN_INFINITE_RECURSION = YES;
				CLANG_WARN_INT_CONVERSION = YES;
				CLANG_WARN_NON_LITERAL_NULL_CONVERSION = YES;
				CLANG_WARN_OBJC_IMPLICIT_RETAIN_SELF = YES;
				CLANG_WARN_OBJC_LITERAL_CONVERSION = YES;
				CLANG_WARN_OBJC_ROOT_CLASS = YES_ERROR;
				CLANG_WARN_QUOTED_INCLUDE_IN_FRAMEWORK_HEADER = YES;
				CLANG_WARN_RANGE_LOOP_ANALYSIS = YES;
				CLANG_WARN_STRICT_PROTOTYPES = YES;
				CLANG_WARN_SUSPICIOUS_MOVE = YES;
				CLANG_WARN_UNGUARDED_AVAILABILITY = YES_AGGRESSIVE;
				CLANG_WARN_UNREACHABLE_CODE = YES;
				CLANG_WARN__DUPLICATE_METHOD_MATCH = YES;
				COPY_PHASE_STRIP = NO;
				DEBUG_INFORMATION_FORMAT = "dwarf-with-dsym";
				ENABLE_NS_ASSERTIONS = NO;
				ENABLE_STRICT_OBJC_MSGSEND = YES;
				ENABLE_USER_SCRIPT_SANDBOXING = YES;
				GCC_C_LANGUAGE_STANDARD = gnu17;
				GCC_NO_COMMON_BLOCKS = YES;
				GCC_WARN_64_TO_32_BIT_CONVERSION = YES;
				GCC_WARN_ABOUT_RETURN_TYPE = YES_ERROR;
				GCC_WARN_UNDECLARED_SELECTOR = YES;
				GCC_WARN_UNINITIALIZED_AUTOS = YES_AGGRESSIVE;
				GCC_WARN_UNUSED_FUNCTION = YES;
				GCC_WARN_UNUSED_VARIABLE = YES;
				IPHONEOS_DEPLOYMENT_TARGET = 17.5;
				LOCALIZATION_PREFERS_STRING_CATALOGS = YES;
				MTL_ENABLE_DEBUG_INFO = NO;
				MTL_FAST_MATH = YES;
				SDKROOT = iphoneos;
				SWIFT_COMPILATION_MODE = wholemodule;
				VALIDATE_PRODUCT = YES;
			};
			name = Release;
		};
		483300412CCF9E61009CE83F /* Debug */ = {
			isa = XCBuildConfiguration;
			buildSettings = {
				ASSETCATALOG_COMPILER_APPICON_NAME = AppIcon;
				ASSETCATALOG_COMPILER_GLOBAL_ACCENT_COLOR_NAME = AccentColor;
				CODE_SIGN_STYLE = Automatic;
				CURRENT_PROJECT_VERSION = 1;
				DEVELOPMENT_TEAM = 3G5WB3Z62N;
				GENERATE_INFOPLIST_FILE = YES;
				INFOPLIST_FILE = GymApp/Info.plist;
				INFOPLIST_KEY_UIApplicationSupportsIndirectInputEvents = YES;
				INFOPLIST_KEY_UILaunchStoryboardName = LaunchScreen;
				INFOPLIST_KEY_UIStatusBarStyle = "";
				INFOPLIST_KEY_UISupportedInterfaceOrientations_iPad = "UIInterfaceOrientationPortrait UIInterfaceOrientationPortraitUpsideDown UIInterfaceOrientationLandscapeLeft UIInterfaceOrientationLandscapeRight";
				INFOPLIST_KEY_UISupportedInterfaceOrientations_iPhone = "UIInterfaceOrientationPortrait UIInterfaceOrientationLandscapeLeft UIInterfaceOrientationLandscapeRight";
				LD_RUNPATH_SEARCH_PATHS = (
					"$(inherited)",
					"@executable_path/Frameworks",
				);
				MARKETING_VERSION = 1.0;
				PRODUCT_BUNDLE_IDENTIFIER = com.gusdev.GymApp;
				PRODUCT_NAME = "$(TARGET_NAME)";
				SWIFT_EMIT_LOC_STRINGS = YES;
				SWIFT_VERSION = 5.0;
				TARGETED_DEVICE_FAMILY = "1,2";
			};
			name = Debug;
		};
		483300422CCF9E61009CE83F /* Release */ = {
			isa = XCBuildConfiguration;
			buildSettings = {
				ASSETCATALOG_COMPILER_APPICON_NAME = AppIcon;
				ASSETCATALOG_COMPILER_GLOBAL_ACCENT_COLOR_NAME = AccentColor;
				CODE_SIGN_STYLE = Automatic;
				CURRENT_PROJECT_VERSION = 1;
				DEVELOPMENT_TEAM = 3G5WB3Z62N;
				GENERATE_INFOPLIST_FILE = YES;
				INFOPLIST_FILE = GymApp/Info.plist;
				INFOPLIST_KEY_UIApplicationSupportsIndirectInputEvents = YES;
				INFOPLIST_KEY_UILaunchStoryboardName = LaunchScreen;
				INFOPLIST_KEY_UIStatusBarStyle = "";
				INFOPLIST_KEY_UISupportedInterfaceOrientations_iPad = "UIInterfaceOrientationPortrait UIInterfaceOrientationPortraitUpsideDown UIInterfaceOrientationLandscapeLeft UIInterfaceOrientationLandscapeRight";
				INFOPLIST_KEY_UISupportedInterfaceOrientations_iPhone = "UIInterfaceOrientationPortrait UIInterfaceOrientationLandscapeLeft UIInterfaceOrientationLandscapeRight";
				LD_RUNPATH_SEARCH_PATHS = (
					"$(inherited)",
					"@executable_path/Frameworks",
				);
				MARKETING_VERSION = 1.0;
				PRODUCT_BUNDLE_IDENTIFIER = com.gusdev.GymApp;
				PRODUCT_NAME = "$(TARGET_NAME)";
				SWIFT_EMIT_LOC_STRINGS = YES;
				SWIFT_VERSION = 5.0;
				TARGETED_DEVICE_FAMILY = "1,2";
			};
			name = Release;
		};
/* End XCBuildConfiguration section */

/* Begin XCConfigurationList section */
		483300272CCF9E5F009CE83F /* Build configuration list for PBXProject "GymApp" */ = {
			isa = XCConfigurationList;
			buildConfigurations = (
				4833003E2CCF9E61009CE83F /* Debug */,
				4833003F2CCF9E61009CE83F /* Release */,
			);
			defaultConfigurationIsVisible = 0;
			defaultConfigurationName = Release;
		};
		483300402CCF9E61009CE83F /* Build configuration list for PBXNativeTarget "GymApp" */ = {
			isa = XCConfigurationList;
			buildConfigurations = (
				483300412CCF9E61009CE83F /* Debug */,
				483300422CCF9E61009CE83F /* Release */,
			);
			defaultConfigurationIsVisible = 0;
			defaultConfigurationName = Release;
		};
/* End XCConfigurationList section */
	};
	rootObject = 483300242CCF9E5F009CE83F /* Project object */;
}
